
Microsoft Visual Studio Solution File, Format Version 12.00
# Visual Studio Version 16
VisualStudioVersion = 16.0.31515.178
MinimumVisualStudioVersion = 10.0.40219.1
Project("{9A19103F-16F7-4668-BE54-9A1E7A4F7556}") = "ApiTurnero.WebApi.Server", "ApiTurnero.WebApi\Server\ApiTurnero.WebApi.Server.csproj", "{29261A19-F604-4841-B13F-CF534D7ADEB7}"
EndProject
Project("{9A19103F-16F7-4668-BE54-9A1E7A4F7556}") = "ApiTurnero.WebApi.Client", "ApiTurnero.WebApi\Client\ApiTurnero.WebApi.Client.csproj", "{231D968E-CBB0-4EF7-9114-28C1778543FC}"
EndProject
Project("{9A19103F-16F7-4668-BE54-9A1E7A4F7556}") = "ApiTurnero.WebApi.Comunes", "ApiTurnero.WebApi\Shared\ApiTurnero.WebApi.Comunes.csproj", "{D216BF90-DAEC-4C99-B367-9C50B3573FB2}"
EndProject
Global
	GlobalSection(SolutionConfigurationPlatforms) = preSolution
		Debug|Any CPU = Debug|Any CPU
		Release|Any CPU = Release|Any CPU
	EndGlobalSection
	GlobalSection(ProjectConfigurationPlatforms) = postSolution
		{29261A19-F604-4841-B13F-CF534D7ADEB7}.Debug|Any CPU.ActiveCfg = Debug|Any CPU
		{29261A19-F604-4841-B13F-CF534D7ADEB7}.Debug|Any CPU.Build.0 = Debug|Any CPU
		{29261A19-F604-4841-B13F-CF534D7ADEB7}.Release|Any CPU.ActiveCfg = Release|Any CPU
		{29261A19-F604-4841-B13F-CF534D7ADEB7}.Release|Any CPU.Build.0 = Release|Any CPU
		{231D968E-CBB0-4EF7-9114-28C1778543FC}.Debug|Any CPU.ActiveCfg = Debug|Any CPU
		{231D968E-CBB0-4EF7-9114-28C1778543FC}.Debug|Any CPU.Build.0 = Debug|Any CPU
		{231D968E-CBB0-4EF7-9114-28C1778543FC}.Release|Any CPU.ActiveCfg = Release|Any CPU
		{231D968E-CBB0-4EF7-9114-28C1778543FC}.Release|Any CPU.Build.0 = Release|Any CPU
		{D216BF90-DAEC-4C99-B367-9C50B3573FB2}.Debug|Any CPU.ActiveCfg = Debug|Any CPU
		{D216BF90-DAEC-4C99-B367-9C50B3573FB2}.Debug|Any CPU.Build.0 = Debug|Any CPU
		{D216BF90-DAEC-4C99-B367-9C50B3573FB2}.Release|Any CPU.ActiveCfg = Release|Any CPU
		{D216BF90-DAEC-4C99-B367-9C50B3573FB2}.Release|Any CPU.Build.0 = Release|Any CPU
	EndGlobalSection
	GlobalSection(SolutionProperties) = preSolution
		HideSolutionNode = FALSE
	EndGlobalSection
	GlobalSection(ExtensibilityGlobals) = postSolution
		SolutionGuid = {25546B06-ED27-4118-893E-763F2C5D00B6}
	EndGlobalSection
EndGlobal
